
Microsoft Visual Studio Solution File, Format Version 12.00
# Visual Studio Version 16
VisualStudioVersion = 16.0.30413.136
MinimumVisualStudioVersion = 10.0.40219.1
Project("{FAE04EC0-301F-11D3-BF4B-00C04F79EFBC}") = "GitHubProject2", "GitHubProject2\GitHubProject2.csproj", "{4C3C734A-B1C4-4B07-B010-439932A5A6EC}"
EndProject
Global
	GlobalSection(SolutionConfigurationPlatforms) = preSolution
		Debug|Any CPU = Debug|Any CPU
		Release|Any CPU = Release|Any CPU
	EndGlobalSection
	GlobalSection(ProjectConfigurationPlatforms) = postSolution
		{4C3C734A-B1C4-4B07-B010-439932A5A6EC}.Debug|Any CPU.ActiveCfg = Debug|Any CPU
		{4C3C734A-B1C4-4B07-B010-439932A5A6EC}.Debug|Any CPU.Build.0 = Debug|Any CPU
		{4C3C734A-B1C4-4B07-B010-439932A5A6EC}.Release|Any CPU.ActiveCfg = Release|Any CPU
		{4C3C734A-B1C4-4B07-B010-439932A5A6EC}.Release|Any CPU.Build.0 = Release|Any CPU
	EndGlobalSection
	GlobalSection(SolutionProperties) = preSolution
		HideSolutionNode = FALSE
	EndGlobalSection
	GlobalSection(ExtensibilityGlobals) = postSolution
		SolutionGuid = {D517806E-357A-4FBE-BF79-E378CC5DE115}
	EndGlobalSection
EndGlobal
